
Microsoft Visual Studio Solution File, Format Version 12.00
# Visual Studio Version 17
VisualStudioVersion = 17.4.33213.308
MinimumVisualStudioVersion = 10.0.40219.1
Project("{9A19103F-16F7-4668-BE54-9A1E7A4F7556}") = "Week5LogicalOperators", "Week5LogicalOperators\Week5LogicalOperators.csproj", "{172A3B16-3006-495D-BA17-3D7C0E2092AF}"
EndProject
Project("{9A19103F-16F7-4668-BE54-9A1E7A4F7556}") = "ANDOperator", "ANDOperator\ANDOperator.csproj", "{E8A82E68-6976-4FEA-87C6-C84E17D9BABB}"
EndProject
Project("{9A19103F-16F7-4668-BE54-9A1E7A4F7556}") = "OROperator", "OROperator\OROperator.csproj", "{33246C87-9B49-4BA7-8B72-169BB9DF4B8F}"
EndProject
Project("{9A19103F-16F7-4668-BE54-9A1E7A4F7556}") = "ANDRanges", "ANDRanges\ANDRanges.csproj", "{6C7E18D0-27D0-4B02-BD9E-4AC8159B1940}"
EndProject
Project("{FAE04EC0-301F-11D3-BF4B-00C04F79EFBC}") = "Test", "Test\Test.csproj", "{631078BC-D042-4582-B381-F27EB4377911}"
EndProject
Global
	GlobalSection(SolutionConfigurationPlatforms) = preSolution
		Debug|Any CPU = Debug|Any CPU
		Release|Any CPU = Release|Any CPU
	EndGlobalSection
	GlobalSection(ProjectConfigurationPlatforms) = postSolution
		{172A3B16-3006-495D-BA17-3D7C0E2092AF}.Debug|Any CPU.ActiveCfg = Debug|Any CPU
		{172A3B16-3006-495D-BA17-3D7C0E2092AF}.Debug|Any CPU.Build.0 = Debug|Any CPU
		{172A3B16-3006-495D-BA17-3D7C0E2092AF}.Release|Any CPU.ActiveCfg = Release|Any CPU
		{172A3B16-3006-495D-BA17-3D7C0E2092AF}.Release|Any CPU.Build.0 = Release|Any CPU
		{E8A82E68-6976-4FEA-87C6-C84E17D9BABB}.Debug|Any CPU.ActiveCfg = Debug|Any CPU
		{E8A82E68-6976-4FEA-87C6-C84E17D9BABB}.Debug|Any CPU.Build.0 = Debug|Any CPU
		{E8A82E68-6976-4FEA-87C6-C84E17D9BABB}.Release|Any CPU.ActiveCfg = Release|Any CPU
		{E8A82E68-6976-4FEA-87C6-C84E17D9BABB}.Release|Any CPU.Build.0 = Release|Any CPU
		{33246C87-9B49-4BA7-8B72-169BB9DF4B8F}.Debug|Any CPU.ActiveCfg = Debug|Any CPU
		{33246C87-9B49-4BA7-8B72-169BB9DF4B8F}.Debug|Any CPU.Build.0 = Debug|Any CPU
		{33246C87-9B49-4BA7-8B72-169BB9DF4B8F}.Release|Any CPU.ActiveCfg = Release|Any CPU
		{33246C87-9B49-4BA7-8B72-169BB9DF4B8F}.Release|Any CPU.Build.0 = Release|Any CPU
		{6C7E18D0-27D0-4B02-BD9E-4AC8159B1940}.Debug|Any CPU.ActiveCfg = Debug|Any CPU
		{6C7E18D0-27D0-4B02-BD9E-4AC8159B1940}.Debug|Any CPU.Build.0 = Debug|Any CPU
		{6C7E18D0-27D0-4B02-BD9E-4AC8159B1940}.Release|Any CPU.ActiveCfg = Release|Any CPU
		{6C7E18D0-27D0-4B02-BD9E-4AC8159B1940}.Release|Any CPU.Build.0 = Release|Any CPU
		{631078BC-D042-4582-B381-F27EB4377911}.Debug|Any CPU.ActiveCfg = Debug|Any CPU
		{631078BC-D042-4582-B381-F27EB4377911}.Debug|Any CPU.Build.0 = Debug|Any CPU
		{631078BC-D042-4582-B381-F27EB4377911}.Release|Any CPU.ActiveCfg = Release|Any CPU
		{631078BC-D042-4582-B381-F27EB4377911}.Release|Any CPU.Build.0 = Release|Any CPU
	EndGlobalSection
	GlobalSection(SolutionProperties) = preSolution
		HideSolutionNode = FALSE
	EndGlobalSection
	GlobalSection(ExtensibilityGlobals) = postSolution
		SolutionGuid = {68FA4794-0B63-4C56-AEAB-D4731B80B4C3}
	EndGlobalSection
EndGlobal
